
Microsoft Visual Studio Solution File, Format Version 12.00
# Visual Studio Version 17
VisualStudioVersion = 17.6.33829.357
MinimumVisualStudioVersion = 10.0.40219.1
Project("{FAE04EC0-301F-11D3-BF4B-00C04F79EFBC}") = "Szyfr Polibiusza", "Szyfr Polibiusza\Szyfr Polibiusza.csproj", "{30DA6E7D-FBB6-4E6A-88C4-F791A650D763}"
EndProject
Global
	GlobalSection(SolutionConfigurationPlatforms) = preSolution
		Debug|Any CPU = Debug|Any CPU
		Release|Any CPU = Release|Any CPU
	EndGlobalSection
	GlobalSection(ProjectConfigurationPlatforms) = postSolution
		{30DA6E7D-FBB6-4E6A-88C4-F791A650D763}.Debug|Any CPU.ActiveCfg = Debug|Any CPU
		{30DA6E7D-FBB6-4E6A-88C4-F791A650D763}.Debug|Any CPU.Build.0 = Debug|Any CPU
		{30DA6E7D-FBB6-4E6A-88C4-F791A650D763}.Release|Any CPU.ActiveCfg = Release|Any CPU
		{30DA6E7D-FBB6-4E6A-88C4-F791A650D763}.Release|Any CPU.Build.0 = Release|Any CPU
	EndGlobalSection
	GlobalSection(SolutionProperties) = preSolution
		HideSolutionNode = FALSE
	EndGlobalSection
	GlobalSection(ExtensibilityGlobals) = postSolution
		SolutionGuid = {DCA079DD-131E-4C49-AFCA-B427B49CF8EF}
	EndGlobalSection
EndGlobal
